
Microsoft Visual Studio Solution File, Format Version 12.00
# Visual Studio Version 16
VisualStudioVersion = 16.0.37301.9
MinimumVisualStudioVersion = 10.0.40219.1
Project("{FAE04EC0-301F-11D3-BF4B-00C04F79EFBC}") = "Autobase-vts", "Autobase-vts\Autobase-vts.csproj", "{E74715E6-0C66-41B6-834C-AF56DAC6D5A7}"
EndProject
Global
	GlobalSection(SolutionConfigurationPlatforms) = preSolution
		Debug|Any CPU = Debug|Any CPU
		Release|Any CPU = Release|Any CPU
	EndGlobalSection
	GlobalSection(ProjectConfigurationPlatforms) = postSolution
		{E74715E6-0C66-41B6-834C-AF56DAC6D5A7}.Debug|Any CPU.ActiveCfg = Debug|Any CPU
		{E74715E6-0C66-41B6-834C-AF56DAC6D5A7}.Debug|Any CPU.Build.0 = Debug|Any CPU
		{E74715E6-0C66-41B6-834C-AF56DAC6D5A7}.Release|Any CPU.ActiveCfg = Release|Any CPU
		{E74715E6-0C66-41B6-834C-AF56DAC6D5A7}.Release|Any CPU.Build.0 = Release|Any CPU
	EndGlobalSection
	GlobalSection(SolutionProperties) = preSolution
		HideSolutionNode = FALSE
	EndGlobalSection
	GlobalSection(ExtensibilityGlobals) = postSolution
		SolutionGuid = {78F23244-E31E-4DFD-8876-E90A207C05A8}
	EndGlobalSection
EndGlobal
